
Microsoft Visual Studio Solution File, Format Version 12.00
# Visual Studio Version 16
VisualStudioVersion = 16.0.28721.148
MinimumVisualStudioVersion = 10.0.40219.1
Project("{FAE04EC0-301F-11D3-BF4B-00C04F79EFBC}") = "Image Map 2", "Image Map 2\Image Map 2.csproj", "{FFE04682-7800-4CC1-B6A1-C3A5532BE76F}"
EndProject
Project("{8BC9CEB8-8B4A-11D0-8D11-00A0C91BC942}") = "leveldb", "leveldb-mcpe\leveldb.vcxproj", "{89038ADB-C948-44B8-8FFF-02C9967BEC45}"
EndProject
Project("{FAE04EC0-301F-11D3-BF4B-00C04F79EFBC}") = "LevelDBWrapper", "LevelDBWrapper\LevelDBWrapper.csproj", "{7F1DDEEC-3933-4443-B537-B59B2DAB7DAD}"
EndProject
Global
	GlobalSection(SolutionConfigurationPlatforms) = preSolution
		Debug|Any CPU = Debug|Any CPU
		Debug|Win32 = Debug|Win32
		Debug|x64 = Debug|x64
		Debug|x86 = Debug|x86
		Release|Any CPU = Release|Any CPU
		Release|Win32 = Release|Win32
		Release|x64 = Release|x64
		Release|x86 = Release|x86
	EndGlobalSection
	GlobalSection(ProjectConfigurationPlatforms) = postSolution
		{FFE04682-7800-4CC1-B6A1-C3A5532BE76F}.Debug|Any CPU.ActiveCfg = Debug|Any CPU
		{FFE04682-7800-4CC1-B6A1-C3A5532BE76F}.Debug|Any CPU.Build.0 = Debug|Any CPU
		{FFE04682-7800-4CC1-B6A1-C3A5532BE76F}.Debug|Win32.ActiveCfg = Debug|Any CPU
		{FFE04682-7800-4CC1-B6A1-C3A5532BE76F}.Debug|Win32.Build.0 = Debug|Any CPU
		{FFE04682-7800-4CC1-B6A1-C3A5532BE76F}.Debug|x64.ActiveCfg = Debug|Any CPU
		{FFE04682-7800-4CC1-B6A1-C3A5532BE76F}.Debug|x64.Build.0 = Debug|Any CPU
		{FFE04682-7800-4CC1-B6A1-C3A5532BE76F}.Debug|x86.ActiveCfg = Debug|Any CPU
		{FFE04682-7800-4CC1-B6A1-C3A5532BE76F}.Debug|x86.Build.0 = Debug|Any CPU
		{FFE04682-7800-4CC1-B6A1-C3A5532BE76F}.Release|Any CPU.ActiveCfg = Release|Any CPU
		{FFE04682-7800-4CC1-B6A1-C3A5532BE76F}.Release|Any CPU.Build.0 = Release|Any CPU
		{FFE04682-7800-4CC1-B6A1-C3A5532BE76F}.Release|Win32.ActiveCfg = Release|Any CPU
		{FFE04682-7800-4CC1-B6A1-C3A5532BE76F}.Release|Win32.Build.0 = Release|Any CPU
		{FFE04682-7800-4CC1-B6A1-C3A5532BE76F}.Release|x64.ActiveCfg = Release|Any CPU
		{FFE04682-7800-4CC1-B6A1-C3A5532BE76F}.Release|x64.Build.0 = Release|Any CPU
		{FFE04682-7800-4CC1-B6A1-C3A5532BE76F}.Release|x86.ActiveCfg = Release|Any CPU
		{FFE04682-7800-4CC1-B6A1-C3A5532BE76F}.Release|x86.Build.0 = Release|Any CPU
		{89038ADB-C948-44B8-8FFF-02C9967BEC45}.Debug|Any CPU.ActiveCfg = Debug|x64
		{89038ADB-C948-44B8-8FFF-02C9967BEC45}.Debug|Win32.ActiveCfg = Debug|x64
		{89038ADB-C948-44B8-8FFF-02C9967BEC45}.Debug|x64.ActiveCfg = Debug|Win32
		{89038ADB-C948-44B8-8FFF-02C9967BEC45}.Debug|x64.Build.0 = Debug|Win32
		{89038ADB-C948-44B8-8FFF-02C9967BEC45}.Debug|x86.ActiveCfg = Debug|x64
		{89038ADB-C948-44B8-8FFF-02C9967BEC45}.Release|Any CPU.ActiveCfg = Release|x64
		{89038ADB-C948-44B8-8FFF-02C9967BEC45}.Release|Win32.ActiveCfg = Release|x64
		{89038ADB-C948-44B8-8FFF-02C9967BEC45}.Release|x64.ActiveCfg = Release|x64
		{89038ADB-C948-44B8-8FFF-02C9967BEC45}.Release|x64.Build.0 = Release|x64
		{89038ADB-C948-44B8-8FFF-02C9967BEC45}.Release|x86.ActiveCfg = Release|x64
		{7F1DDEEC-3933-4443-B537-B59B2DAB7DAD}.Debug|Any CPU.ActiveCfg = Debug|Any CPU
		{7F1DDEEC-3933-4443-B537-B59B2DAB7DAD}.Debug|Any CPU.Build.0 = Debug|Any CPU
		{7F1DDEEC-3933-4443-B537-B59B2DAB7DAD}.Debug|Win32.ActiveCfg = Debug|Any CPU
		{7F1DDEEC-3933-4443-B537-B59B2DAB7DAD}.Debug|Win32.Build.0 = Debug|Any CPU
		{7F1DDEEC-3933-4443-B537-B59B2DAB7DAD}.Debug|x64.ActiveCfg = Debug|Any CPU
		{7F1DDEEC-3933-4443-B537-B59B2DAB7DAD}.Debug|x64.Build.0 = Debug|Any CPU
		{7F1DDEEC-3933-4443-B537-B59B2DAB7DAD}.Debug|x86.ActiveCfg = Debug|Any CPU
		{7F1DDEEC-3933-4443-B537-B59B2DAB7DAD}.Debug|x86.Build.0 = Debug|Any CPU
		{7F1DDEEC-3933-4443-B537-B59B2DAB7DAD}.Release|Any CPU.ActiveCfg = Release|Any CPU
		{7F1DDEEC-3933-4443-B537-B59B2DAB7DAD}.Release|Any CPU.Build.0 = Release|Any CPU
		{7F1DDEEC-3933-4443-B537-B59B2DAB7DAD}.Release|Win32.ActiveCfg = Release|Any CPU
		{7F1DDEEC-3933-4443-B537-B59B2DAB7DAD}.Release|Win32.Build.0 = Release|Any CPU
		{7F1DDEEC-3933-4443-B537-B59B2DAB7DAD}.Release|x64.ActiveCfg = Release|Any CPU
		{7F1DDEEC-3933-4443-B537-B59B2DAB7DAD}.Release|x64.Build.0 = Release|Any CPU
		{7F1DDEEC-3933-4443-B537-B59B2DAB7DAD}.Release|x86.ActiveCfg = Release|Any CPU
		{7F1DDEEC-3933-4443-B537-B59B2DAB7DAD}.Release|x86.Build.0 = Release|Any CPU
	EndGlobalSection
	GlobalSection(SolutionProperties) = preSolution
		HideSolutionNode = FALSE
	EndGlobalSection
	GlobalSection(ExtensibilityGlobals) = postSolution
		SolutionGuid = {5ECF17A7-3F03-47E1-B52C-934E7FB4570C}
	EndGlobalSection
EndGlobal
